
Microsoft Visual Studio Solution File, Format Version 12.00
# Visual Studio Version 16
VisualStudioVersion = 16.0.30621.155
MinimumVisualStudioVersion = 10.0.40219.1
Project("{9A19103F-16F7-4668-BE54-9A1E7A4F7556}") = "Start", "Start\Start.csproj", "{3F0ADD53-8130-4872-BE8D-245E915924E5}"
EndProject
Project("{9A19103F-16F7-4668-BE54-9A1E7A4F7556}") = "LegePlads", "LegePlads\LegePlads.csproj", "{863F8BB6-2010-408E-9851-40FB8E02D97E}"
EndProject
Project("{9A19103F-16F7-4668-BE54-9A1E7A4F7556}") = "Variabler", "Variabler\Variabler.csproj", "{DB0A7C66-4962-4309-9486-6A00587C070C}"
EndProject
Project("{9A19103F-16F7-4668-BE54-9A1E7A4F7556}") = "StringDemo", "StringDemo\StringDemo.csproj", "{9E31CA0C-BF07-4C10-B43A-B9DFEFC862DD}"
EndProject
Project("{9A19103F-16F7-4668-BE54-9A1E7A4F7556}") = "Konstanter", "Konstanter\Konstanter.csproj", "{42EC4E24-1F3D-4D39-867B-9C9B321C076E}"
EndProject
Project("{9A19103F-16F7-4668-BE54-9A1E7A4F7556}") = "Konstanter2", "Konstanter2\Konstanter2.csproj", "{784D4879-5019-4110-B95C-3EE1A64C3FC4}"
EndProject
Project("{9A19103F-16F7-4668-BE54-9A1E7A4F7556}") = "Metoder", "Metoder\Metoder.csproj", "{7E9164C1-A886-4676-AA36-E612C2E4B943}"
EndProject
Project("{9A19103F-16F7-4668-BE54-9A1E7A4F7556}") = "Fejl", "Fejl\Fejl.csproj", "{3C941C8C-FA16-4563-B5D2-91E94F00039F}"
EndProject
Project("{9A19103F-16F7-4668-BE54-9A1E7A4F7556}") = "LogDemo", "LogDemo\LogDemo.csproj", "{40AB9C94-D30F-4BF1-854E-71B88180D13D}"
EndProject
Project("{9A19103F-16F7-4668-BE54-9A1E7A4F7556}") = "ArrayDemo", "ArrayDemo\ArrayDemo.csproj", "{892E1136-E972-42C5-81BB-1892B55E7200}"
EndProject
Project("{9A19103F-16F7-4668-BE54-9A1E7A4F7556}") = "ArgsDemo", "ArgsDemo\ArgsDemo.csproj", "{1BC95C2E-DEE5-4889-B281-77CC56EB892B}"
EndProject
Project("{9A19103F-16F7-4668-BE54-9A1E7A4F7556}") = "Samlinger", "Samlinger\Samlinger.csproj", "{B2C13591-5F94-4E7D-B121-EEE16B9A98F4}"
EndProject
Project("{9A19103F-16F7-4668-BE54-9A1E7A4F7556}") = "KlasserDemo", "KlasserDemo\KlasserDemo.csproj", "{1665A05E-2648-4844-86A4-81A92AD3D3CA}"
EndProject
Project("{9A19103F-16F7-4668-BE54-9A1E7A4F7556}") = "Indkapsling", "Indkapsling\Indkapsling.csproj", "{C080141D-DE60-49D6-9C3B-4EF8C528CD26}"
EndProject
Project("{FAE04EC0-301F-11D3-BF4B-00C04F79EFBC}") = "WinFormDemo", "WinFormDemo\WinFormDemo.csproj", "{593EBC8E-1CD0-4069-8DF9-C66432DA7E2B}"
EndProject
Project("{9A19103F-16F7-4668-BE54-9A1E7A4F7556}") = "AutoEgenskaber", "AutoEgenskaber\AutoEgenskaber.csproj", "{6A230772-BCE0-43A9-A0B3-666536F4F7DF}"
EndProject
Project("{9A19103F-16F7-4668-BE54-9A1E7A4F7556}") = "ArvDemo", "ArvDemo\ArvDemo.csproj", "{C55008A3-37CE-4039-A14F-446D27C6748E}"
EndProject
Project("{9A19103F-16F7-4668-BE54-9A1E7A4F7556}") = "Recap4", "Recap4\Recap4.csproj", "{D05390AA-A3B2-4873-A581-07DBE2DB30C9}"
EndProject
Project("{9A19103F-16F7-4668-BE54-9A1E7A4F7556}") = "Poly1", "Poly1\Poly1.csproj", "{D61D87D8-5E6D-4EFF-8888-C842CB1FD0BC}"
EndProject
Project("{9A19103F-16F7-4668-BE54-9A1E7A4F7556}") = "Poly2", "Poly2\Poly2.csproj", "{7C881D67-DDE4-4466-8C57-7857408ECC53}"
EndProject
Project("{9A19103F-16F7-4668-BE54-9A1E7A4F7556}") = "Poly3", "Poly3\Poly3.csproj", "{2DDE7C97-0263-4056-AEEA-B92D03B45DC2}"
EndProject
Project("{9A19103F-16F7-4668-BE54-9A1E7A4F7556}") = "InterfaceDemo", "InterfaceDemo\InterfaceDemo.csproj", "{0166E6AF-D7DB-481B-AB4D-B7320DFAE724}"
EndProject
Project("{9A19103F-16F7-4668-BE54-9A1E7A4F7556}") = "TerningDI", "TerningDI\TerningDI.csproj", "{35EF3741-0146-4B71-B03F-AC84A317E259}"
EndProject
Project("{9A19103F-16F7-4668-BE54-9A1E7A4F7556}") = "Teknologisk.TerningApp.Kerne", "Teknologisk.TerningApp.Kerne\Teknologisk.TerningApp.Kerne.csproj", "{D251F6C2-5DDF-4919-B721-0E4EA73C910C}"
EndProject
Project("{9A19103F-16F7-4668-BE54-9A1E7A4F7556}") = "DelegateDemo1", "DelegateDemo1\DelegateDemo1.csproj", "{E226C99D-11B6-45D0-93D3-280900A9B66E}"
EndProject
Project("{9A19103F-16F7-4668-BE54-9A1E7A4F7556}") = "Delegate2", "Delegate2\Delegate2.csproj", "{B3C2EAAF-1594-4E7A-B2A6-0504D1CE855B}"
EndProject
Project("{FAE04EC0-301F-11D3-BF4B-00C04F79EFBC}") = "Deletage3", "Deletage3\Deletage3.csproj", "{12E64A11-AC90-46B9-9BFF-12BE61209A0D}"
EndProject
Project("{FAE04EC0-301F-11D3-BF4B-00C04F79EFBC}") = "DelegateTerning", "DelegateTerning\DelegateTerning.csproj", "{37D4EC30-5B39-4702-AFAC-E13853AB1324}"
EndProject
Project("{FAE04EC0-301F-11D3-BF4B-00C04F79EFBC}") = "Delegate4", "Delegate4\Delegate4.csproj", "{21B2D9E3-C071-4805-ADC4-5A02EFDB3E97}"
EndProject
Project("{FAE04EC0-301F-11D3-BF4B-00C04F79EFBC}") = "LambdaDemo", "LambdaDemo\LambdaDemo.csproj", "{E5682B80-13B5-4F82-8F25-06A57EE3A970}"
EndProject
Project("{FAE04EC0-301F-11D3-BF4B-00C04F79EFBC}") = "Hændelser", "Hændelser\Hændelser.csproj", "{B980AB53-D0F9-4ED9-A32E-C6060675C222}"
EndProject
Project("{FAE04EC0-301F-11D3-BF4B-00C04F79EFBC}") = "Hændelse2", "Hændelse2\Hændelse2.csproj", "{40338C5B-7662-4628-88C3-D0F6C85F6C01}"
EndProject
Project("{FAE04EC0-301F-11D3-BF4B-00C04F79EFBC}") = "LinqDemo", "LinqDemo\LinqDemo.csproj", "{43CE9489-D41B-4D5A-A36D-CD7682E1CA19}"
EndProject
Project("{FAE04EC0-301F-11D3-BF4B-00C04F79EFBC}") = "IOTest", "IOTest\IOTest.csproj", "{61DAF352-32F3-44F6-9D1D-E7C4FAC4375A}"
EndProject
Project("{FAE04EC0-301F-11D3-BF4B-00C04F79EFBC}") = "HttpDemo", "hTTPdEMO\HttpDemo.csproj", "{FFC7314C-E8C2-4835-A821-DF852D22822E}"
EndProject
Global
	GlobalSection(SolutionConfigurationPlatforms) = preSolution
		Debug|Any CPU = Debug|Any CPU
		Release|Any CPU = Release|Any CPU
	EndGlobalSection
	GlobalSection(ProjectConfigurationPlatforms) = postSolution
		{3F0ADD53-8130-4872-BE8D-245E915924E5}.Debug|Any CPU.ActiveCfg = Debug|Any CPU
		{3F0ADD53-8130-4872-BE8D-245E915924E5}.Debug|Any CPU.Build.0 = Debug|Any CPU
		{3F0ADD53-8130-4872-BE8D-245E915924E5}.Release|Any CPU.ActiveCfg = Release|Any CPU
		{3F0ADD53-8130-4872-BE8D-245E915924E5}.Release|Any CPU.Build.0 = Release|Any CPU
		{863F8BB6-2010-408E-9851-40FB8E02D97E}.Debug|Any CPU.ActiveCfg = Debug|Any CPU
		{863F8BB6-2010-408E-9851-40FB8E02D97E}.Debug|Any CPU.Build.0 = Debug|Any CPU
		{863F8BB6-2010-408E-9851-40FB8E02D97E}.Release|Any CPU.ActiveCfg = Release|Any CPU
		{863F8BB6-2010-408E-9851-40FB8E02D97E}.Release|Any CPU.Build.0 = Release|Any CPU
		{DB0A7C66-4962-4309-9486-6A00587C070C}.Debug|Any CPU.ActiveCfg = Debug|Any CPU
		{DB0A7C66-4962-4309-9486-6A00587C070C}.Debug|Any CPU.Build.0 = Debug|Any CPU
		{DB0A7C66-4962-4309-9486-6A00587C070C}.Release|Any CPU.ActiveCfg = Release|Any CPU
		{DB0A7C66-4962-4309-9486-6A00587C070C}.Release|Any CPU.Build.0 = Release|Any CPU
		{9E31CA0C-BF07-4C10-B43A-B9DFEFC862DD}.Debug|Any CPU.ActiveCfg = Debug|Any CPU
		{9E31CA0C-BF07-4C10-B43A-B9DFEFC862DD}.Debug|Any CPU.Build.0 = Debug|Any CPU
		{9E31CA0C-BF07-4C10-B43A-B9DFEFC862DD}.Release|Any CPU.ActiveCfg = Release|Any CPU
		{9E31CA0C-BF07-4C10-B43A-B9DFEFC862DD}.Release|Any CPU.Build.0 = Release|Any CPU
		{42EC4E24-1F3D-4D39-867B-9C9B321C076E}.Debug|Any CPU.ActiveCfg = Debug|Any CPU
		{42EC4E24-1F3D-4D39-867B-9C9B321C076E}.Debug|Any CPU.Build.0 = Debug|Any CPU
		{42EC4E24-1F3D-4D39-867B-9C9B321C076E}.Release|Any CPU.ActiveCfg = Release|Any CPU
		{42EC4E24-1F3D-4D39-867B-9C9B321C076E}.Release|Any CPU.Build.0 = Release|Any CPU
		{784D4879-5019-4110-B95C-3EE1A64C3FC4}.Debug|Any CPU.ActiveCfg = Debug|Any CPU
		{784D4879-5019-4110-B95C-3EE1A64C3FC4}.Debug|Any CPU.Build.0 = Debug|Any CPU
		{784D4879-5019-4110-B95C-3EE1A64C3FC4}.Release|Any CPU.ActiveCfg = Release|Any CPU
		{784D4879-5019-4110-B95C-3EE1A64C3FC4}.Release|Any CPU.Build.0 = Release|Any CPU
		{7E9164C1-A886-4676-AA36-E612C2E4B943}.Debug|Any CPU.ActiveCfg = Debug|Any CPU
		{7E9164C1-A886-4676-AA36-E612C2E4B943}.Debug|Any CPU.Build.0 = Debug|Any CPU
		{7E9164C1-A886-4676-AA36-E612C2E4B943}.Release|Any CPU.ActiveCfg = Release|Any CPU
		{7E9164C1-A886-4676-AA36-E612C2E4B943}.Release|Any CPU.Build.0 = Release|Any CPU
		{3C941C8C-FA16-4563-B5D2-91E94F00039F}.Debug|Any CPU.ActiveCfg = Debug|Any CPU
		{3C941C8C-FA16-4563-B5D2-91E94F00039F}.Debug|Any CPU.Build.0 = Debug|Any CPU
		{3C941C8C-FA16-4563-B5D2-91E94F00039F}.Release|Any CPU.ActiveCfg = Release|Any CPU
		{3C941C8C-FA16-4563-B5D2-91E94F00039F}.Release|Any CPU.Build.0 = Release|Any CPU
		{40AB9C94-D30F-4BF1-854E-71B88180D13D}.Debug|Any CPU.ActiveCfg = Debug|Any CPU
		{40AB9C94-D30F-4BF1-854E-71B88180D13D}.Debug|Any CPU.Build.0 = Debug|Any CPU
		{40AB9C94-D30F-4BF1-854E-71B88180D13D}.Release|Any CPU.ActiveCfg = Release|Any CPU
		{40AB9C94-D30F-4BF1-854E-71B88180D13D}.Release|Any CPU.Build.0 = Release|Any CPU
		{892E1136-E972-42C5-81BB-1892B55E7200}.Debug|Any CPU.ActiveCfg = Debug|Any CPU
		{892E1136-E972-42C5-81BB-1892B55E7200}.Debug|Any CPU.Build.0 = Debug|Any CPU
		{892E1136-E972-42C5-81BB-1892B55E7200}.Release|Any CPU.ActiveCfg = Release|Any CPU
		{892E1136-E972-42C5-81BB-1892B55E7200}.Release|Any CPU.Build.0 = Release|Any CPU
		{1BC95C2E-DEE5-4889-B281-77CC56EB892B}.Debug|Any CPU.ActiveCfg = Debug|Any CPU
		{1BC95C2E-DEE5-4889-B281-77CC56EB892B}.Debug|Any CPU.Build.0 = Debug|Any CPU
		{1BC95C2E-DEE5-4889-B281-77CC56EB892B}.Release|Any CPU.ActiveCfg = Release|Any CPU
		{1BC95C2E-DEE5-4889-B281-77CC56EB892B}.Release|Any CPU.Build.0 = Release|Any CPU
		{B2C13591-5F94-4E7D-B121-EEE16B9A98F4}.Debug|Any CPU.ActiveCfg = Debug|Any CPU
		{B2C13591-5F94-4E7D-B121-EEE16B9A98F4}.Debug|Any CPU.Build.0 = Debug|Any CPU
		{B2C13591-5F94-4E7D-B121-EEE16B9A98F4}.Release|Any CPU.ActiveCfg = Release|Any CPU
		{B2C13591-5F94-4E7D-B121-EEE16B9A98F4}.Release|Any CPU.Build.0 = Release|Any CPU
		{1665A05E-2648-4844-86A4-81A92AD3D3CA}.Debug|Any CPU.ActiveCfg = Debug|Any CPU
		{1665A05E-2648-4844-86A4-81A92AD3D3CA}.Debug|Any CPU.Build.0 = Debug|Any CPU
		{1665A05E-2648-4844-86A4-81A92AD3D3CA}.Release|Any CPU.ActiveCfg = Release|Any CPU
		{1665A05E-2648-4844-86A4-81A92AD3D3CA}.Release|Any CPU.Build.0 = Release|Any CPU
		{C080141D-DE60-49D6-9C3B-4EF8C528CD26}.Debug|Any CPU.ActiveCfg = Debug|Any CPU
		{C080141D-DE60-49D6-9C3B-4EF8C528CD26}.Debug|Any CPU.Build.0 = Debug|Any CPU
		{C080141D-DE60-49D6-9C3B-4EF8C528CD26}.Release|Any CPU.ActiveCfg = Release|Any CPU
		{C080141D-DE60-49D6-9C3B-4EF8C528CD26}.Release|Any CPU.Build.0 = Release|Any CPU
		{593EBC8E-1CD0-4069-8DF9-C66432DA7E2B}.Debug|Any CPU.ActiveCfg = Debug|Any CPU
		{593EBC8E-1CD0-4069-8DF9-C66432DA7E2B}.Debug|Any CPU.Build.0 = Debug|Any CPU
		{593EBC8E-1CD0-4069-8DF9-C66432DA7E2B}.Release|Any CPU.ActiveCfg = Release|Any CPU
		{593EBC8E-1CD0-4069-8DF9-C66432DA7E2B}.Release|Any CPU.Build.0 = Release|Any CPU
		{6A230772-BCE0-43A9-A0B3-666536F4F7DF}.Debug|Any CPU.ActiveCfg = Debug|Any CPU
		{6A230772-BCE0-43A9-A0B3-666536F4F7DF}.Debug|Any CPU.Build.0 = Debug|Any CPU
		{6A230772-BCE0-43A9-A0B3-666536F4F7DF}.Release|Any CPU.ActiveCfg = Release|Any CPU
		{6A230772-BCE0-43A9-A0B3-666536F4F7DF}.Release|Any CPU.Build.0 = Release|Any CPU
		{C55008A3-37CE-4039-A14F-446D27C6748E}.Debug|Any CPU.ActiveCfg = Debug|Any CPU
		{C55008A3-37CE-4039-A14F-446D27C6748E}.Debug|Any CPU.Build.0 = Debug|Any CPU
		{C55008A3-37CE-4039-A14F-446D27C6748E}.Release|Any CPU.ActiveCfg = Release|Any CPU
		{C55008A3-37CE-4039-A14F-446D27C6748E}.Release|Any CPU.Build.0 = Release|Any CPU
		{D05390AA-A3B2-4873-A581-07DBE2DB30C9}.Debug|Any CPU.ActiveCfg = Debug|Any CPU
		{D05390AA-A3B2-4873-A581-07DBE2DB30C9}.Debug|Any CPU.Build.0 = Debug|Any CPU
		{D05390AA-A3B2-4873-A581-07DBE2DB30C9}.Release|Any CPU.ActiveCfg = Release|Any CPU
		{D05390AA-A3B2-4873-A581-07DBE2DB30C9}.Release|Any CPU.Build.0 = Release|Any CPU
		{D61D87D8-5E6D-4EFF-8888-C842CB1FD0BC}.Debug|Any CPU.ActiveCfg = Debug|Any CPU
		{D61D87D8-5E6D-4EFF-8888-C842CB1FD0BC}.Debug|Any CPU.Build.0 = Debug|Any CPU
		{D61D87D8-5E6D-4EFF-8888-C842CB1FD0BC}.Release|Any CPU.ActiveCfg = Release|Any CPU
		{D61D87D8-5E6D-4EFF-8888-C842CB1FD0BC}.Release|Any CPU.Build.0 = Release|Any CPU
		{7C881D67-DDE4-4466-8C57-7857408ECC53}.Debug|Any CPU.ActiveCfg = Debug|Any CPU
		{7C881D67-DDE4-4466-8C57-7857408ECC53}.Debug|Any CPU.Build.0 = Debug|Any CPU
		{7C881D67-DDE4-4466-8C57-7857408ECC53}.Release|Any CPU.ActiveCfg = Release|Any CPU
		{7C881D67-DDE4-4466-8C57-7857408ECC53}.Release|Any CPU.Build.0 = Release|Any CPU
		{2DDE7C97-0263-4056-AEEA-B92D03B45DC2}.Debug|Any CPU.ActiveCfg = Debug|Any CPU
		{2DDE7C97-0263-4056-AEEA-B92D03B45DC2}.Debug|Any CPU.Build.0 = Debug|Any CPU
		{2DDE7C97-0263-4056-AEEA-B92D03B45DC2}.Release|Any CPU.ActiveCfg = Release|Any CPU
		{2DDE7C97-0263-4056-AEEA-B92D03B45DC2}.Release|Any CPU.Build.0 = Release|Any CPU
		{0166E6AF-D7DB-481B-AB4D-B7320DFAE724}.Debug|Any CPU.ActiveCfg = Debug|Any CPU
		{0166E6AF-D7DB-481B-AB4D-B7320DFAE724}.Debug|Any CPU.Build.0 = Debug|Any CPU
		{0166E6AF-D7DB-481B-AB4D-B7320DFAE724}.Release|Any CPU.ActiveCfg = Release|Any CPU
		{0166E6AF-D7DB-481B-AB4D-B7320DFAE724}.Release|Any CPU.Build.0 = Release|Any CPU
		{35EF3741-0146-4B71-B03F-AC84A317E259}.Debug|Any CPU.ActiveCfg = Debug|Any CPU
		{35EF3741-0146-4B71-B03F-AC84A317E259}.Debug|Any CPU.Build.0 = Debug|Any CPU
		{35EF3741-0146-4B71-B03F-AC84A317E259}.Release|Any CPU.ActiveCfg = Release|Any CPU
		{35EF3741-0146-4B71-B03F-AC84A317E259}.Release|Any CPU.Build.0 = Release|Any CPU
		{D251F6C2-5DDF-4919-B721-0E4EA73C910C}.Debug|Any CPU.ActiveCfg = Debug|Any CPU
		{D251F6C2-5DDF-4919-B721-0E4EA73C910C}.Debug|Any CPU.Build.0 = Debug|Any CPU
		{D251F6C2-5DDF-4919-B721-0E4EA73C910C}.Release|Any CPU.ActiveCfg = Release|Any CPU
		{D251F6C2-5DDF-4919-B721-0E4EA73C910C}.Release|Any CPU.Build.0 = Release|Any CPU
		{E226C99D-11B6-45D0-93D3-280900A9B66E}.Debug|Any CPU.ActiveCfg = Debug|Any CPU
		{E226C99D-11B6-45D0-93D3-280900A9B66E}.Debug|Any CPU.Build.0 = Debug|Any CPU
		{E226C99D-11B6-45D0-93D3-280900A9B66E}.Release|Any CPU.ActiveCfg = Release|Any CPU
		{E226C99D-11B6-45D0-93D3-280900A9B66E}.Release|Any CPU.Build.0 = Release|Any CPU
		{B3C2EAAF-1594-4E7A-B2A6-0504D1CE855B}.Debug|Any CPU.ActiveCfg = Debug|Any CPU
		{B3C2EAAF-1594-4E7A-B2A6-0504D1CE855B}.Debug|Any CPU.Build.0 = Debug|Any CPU
		{B3C2EAAF-1594-4E7A-B2A6-0504D1CE855B}.Release|Any CPU.ActiveCfg = Release|Any CPU
		{B3C2EAAF-1594-4E7A-B2A6-0504D1CE855B}.Release|Any CPU.Build.0 = Release|Any CPU
		{12E64A11-AC90-46B9-9BFF-12BE61209A0D}.Debug|Any CPU.ActiveCfg = Debug|Any CPU
		{12E64A11-AC90-46B9-9BFF-12BE61209A0D}.Debug|Any CPU.Build.0 = Debug|Any CPU
		{12E64A11-AC90-46B9-9BFF-12BE61209A0D}.Release|Any CPU.ActiveCfg = Release|Any CPU
		{12E64A11-AC90-46B9-9BFF-12BE61209A0D}.Release|Any CPU.Build.0 = Release|Any CPU
		{37D4EC30-5B39-4702-AFAC-E13853AB1324}.Debug|Any CPU.ActiveCfg = Debug|Any CPU
		{37D4EC30-5B39-4702-AFAC-E13853AB1324}.Debug|Any CPU.Build.0 = Debug|Any CPU
		{37D4EC30-5B39-4702-AFAC-E13853AB1324}.Release|Any CPU.ActiveCfg = Release|Any CPU
		{37D4EC30-5B39-4702-AFAC-E13853AB1324}.Release|Any CPU.Build.0 = Release|Any CPU
		{21B2D9E3-C071-4805-ADC4-5A02EFDB3E97}.Debug|Any CPU.ActiveCfg = Debug|Any CPU
		{21B2D9E3-C071-4805-ADC4-5A02EFDB3E97}.Debug|Any CPU.Build.0 = Debug|Any CPU
		{21B2D9E3-C071-4805-ADC4-5A02EFDB3E97}.Release|Any CPU.ActiveCfg = Release|Any CPU
		{21B2D9E3-C071-4805-ADC4-5A02EFDB3E97}.Release|Any CPU.Build.0 = Release|Any CPU
		{E5682B80-13B5-4F82-8F25-06A57EE3A970}.Debug|Any CPU.ActiveCfg = Debug|Any CPU
		{E5682B80-13B5-4F82-8F25-06A57EE3A970}.Debug|Any CPU.Build.0 = Debug|Any CPU
		{E5682B80-13B5-4F82-8F25-06A57EE3A970}.Release|Any CPU.ActiveCfg = Release|Any CPU
		{E5682B80-13B5-4F82-8F25-06A57EE3A970}.Release|Any CPU.Build.0 = Release|Any CPU
		{B980AB53-D0F9-4ED9-A32E-C6060675C222}.Debug|Any CPU.ActiveCfg = Debug|Any CPU
		{B980AB53-D0F9-4ED9-A32E-C6060675C222}.Debug|Any CPU.Build.0 = Debug|Any CPU
		{B980AB53-D0F9-4ED9-A32E-C6060675C222}.Release|Any CPU.ActiveCfg = Release|Any CPU
		{B980AB53-D0F9-4ED9-A32E-C6060675C222}.Release|Any CPU.Build.0 = Release|Any CPU
		{40338C5B-7662-4628-88C3-D0F6C85F6C01}.Debug|Any CPU.ActiveCfg = Debug|Any CPU
		{40338C5B-7662-4628-88C3-D0F6C85F6C01}.Debug|Any CPU.Build.0 = Debug|Any CPU
		{40338C5B-7662-4628-88C3-D0F6C85F6C01}.Release|Any CPU.ActiveCfg = Release|Any CPU
		{40338C5B-7662-4628-88C3-D0F6C85F6C01}.Release|Any CPU.Build.0 = Release|Any CPU
		{43CE9489-D41B-4D5A-A36D-CD7682E1CA19}.Debug|Any CPU.ActiveCfg = Debug|Any CPU
		{43CE9489-D41B-4D5A-A36D-CD7682E1CA19}.Debug|Any CPU.Build.0 = Debug|Any CPU
		{43CE9489-D41B-4D5A-A36D-CD7682E1CA19}.Release|Any CPU.ActiveCfg = Release|Any CPU
		{43CE9489-D41B-4D5A-A36D-CD7682E1CA19}.Release|Any CPU.Build.0 = Release|Any CPU
		{61DAF352-32F3-44F6-9D1D-E7C4FAC4375A}.Debug|Any CPU.ActiveCfg = Debug|Any CPU
		{61DAF352-32F3-44F6-9D1D-E7C4FAC4375A}.Debug|Any CPU.Build.0 = Debug|Any CPU
		{61DAF352-32F3-44F6-9D1D-E7C4FAC4375A}.Release|Any CPU.ActiveCfg = Release|Any CPU
		{61DAF352-32F3-44F6-9D1D-E7C4FAC4375A}.Release|Any CPU.Build.0 = Release|Any CPU
		{FFC7314C-E8C2-4835-A821-DF852D22822E}.Debug|Any CPU.ActiveCfg = Debug|Any CPU
		{FFC7314C-E8C2-4835-A821-DF852D22822E}.Debug|Any CPU.Build.0 = Debug|Any CPU
		{FFC7314C-E8C2-4835-A821-DF852D22822E}.Release|Any CPU.ActiveCfg = Release|Any CPU
		{FFC7314C-E8C2-4835-A821-DF852D22822E}.Release|Any CPU.Build.0 = Release|Any CPU
	EndGlobalSection
	GlobalSection(SolutionProperties) = preSolution
		HideSolutionNode = FALSE
	EndGlobalSection
	GlobalSection(ExtensibilityGlobals) = postSolution
		SolutionGuid = {ABCF846E-1241-4653-8871-D92C734BACFD}
	EndGlobalSection
EndGlobal
