
Microsoft Visual Studio Solution File, Format Version 12.00
# Visual Studio Version 16
VisualStudioVersion = 16.0.30621.155
MinimumVisualStudioVersion = 10.0.40219.1
Project("{FAE04EC0-301F-11D3-BF4B-00C04F79EFBC}") = "Start", "Start\Start.csproj", "{3F0ADD53-8130-4872-BE8D-245E915924E5}"
EndProject
Global
	GlobalSection(SolutionConfigurationPlatforms) = preSolution
		Debug|Any CPU = Debug|Any CPU
		Release|Any CPU = Release|Any CPU
	EndGlobalSection
	GlobalSection(ProjectConfigurationPlatforms) = postSolution
		{3F0ADD53-8130-4872-BE8D-245E915924E5}.Debug|Any CPU.ActiveCfg = Debug|Any CPU
		{3F0ADD53-8130-4872-BE8D-245E915924E5}.Debug|Any CPU.Build.0 = Debug|Any CPU
		{3F0ADD53-8130-4872-BE8D-245E915924E5}.Release|Any CPU.ActiveCfg = Release|Any CPU
		{3F0ADD53-8130-4872-BE8D-245E915924E5}.Release|Any CPU.Build.0 = Release|Any CPU
	EndGlobalSection
	GlobalSection(SolutionProperties) = preSolution
		HideSolutionNode = FALSE
	EndGlobalSection
	GlobalSection(ExtensibilityGlobals) = postSolution
		SolutionGuid = {ABCF846E-1241-4653-8871-D92C734BACFD}
	EndGlobalSection
EndGlobal
